<?xml version="1.0" encoding="utf-8"?>
<Project ToolsVersion="4.0" xmlns="http://schemas.microsoft.com/developer/msbuild/2003">
  <ItemGroup>
    <Filter Include="Source Files">
      <UniqueIdentifier>{4FC737F1-C7A5-4376-A066-2A32D752A2FF}</UniqueIdentifier>
      <Extensions>cpp;c;cc;cxx;c++;cppm;ixx;def;odl;idl;hpj;bat;asm;asmx</Extensions>
    </Filter>
    <Filter Include="Header Files">
      <UniqueIdentifier>{93995380-89BD-4b04-88EB-625FBE52EBFB}</UniqueIdentifier>
      <Extensions>h;hh;hpp;hxx;h++;hm;inl;inc;ipp;xsd</Extensions>
    </Filter>
    <Filter Include="Resource Files">
      <UniqueIdentifier>{67DA6AB6-F800-4c08-8B7A-83BB121AAD01}</UniqueIdentifier>
      <Extensions>rc;ico;cur;bmp;dlg;rc2;rct;bin;rgs;gif;jpg;jpeg;jpe;resx;tiff;tif;png;wav;mfcribbon-ms</Extensions>
    </Filter>
  </ItemGroup>
  <ItemGroup>
    <None Include="vcpkg.json" />
    <None Include="res\shader\basic.frag" />
    <None Include="res\shader\basic.vert" />
    <None Include="res\shader\lightSource.frag" />
    <None Include="res\textures\TextureAtlas.afphoto" />
  </ItemGroup>
  <ItemGroup>
    <Text Include="res\placeholder.txt" />
    <Text Include="res\textures\info.txt" />
  </ItemGroup>
  <ItemGroup>
    <ClCompile Include="src\main.cpp">
      <Filter>Source Files</Filter>
    </ClCompile>
    <ClCompile Include="src\Objects\BlockAtlas.cpp">
      <Filter>Source Files</Filter>
    </ClCompile>
    <ClCompile Include="src\Objects\BlockManager.cpp">
      <Filter>Source Files</Filter>
    </ClCompile>
    <ClCompile Include="src\Objects\Primitives.cpp">
      <Filter>Source Files</Filter>
    </ClCompile>
    <ClCompile Include="src\WorldGen\Chunk.cpp">
      <Filter>Source Files</Filter>
    </ClCompile>
  </ItemGroup>
  <ItemGroup>
    <ClInclude Include="include\main.h">
      <Filter>Header Files</Filter>
    </ClInclude>
    <ClInclude Include="vcpkg_installed\x64-windows\x64-windows\include\GLFW\glfw3.h">
      <Filter>Header Files</Filter>
    </ClInclude>
    <ClInclude Include="vcpkg_installed\x64-windows\x64-windows\include\GLFW\glfw3native.h">
      <Filter>Header Files</Filter>
    </ClInclude>
    <ClInclude Include="vcpkg_installed\x64-windows-static\x64-windows-static\include\EGL\egl.h">
      <Filter>Header Files</Filter>
    </ClInclude>
    <ClInclude Include="vcpkg_installed\x64-windows-static\x64-windows-static\include\EGL\eglext.h">
      <Filter>Header Files</Filter>
    </ClInclude>
    <ClInclude Include="vcpkg_installed\x64-windows-static\x64-windows-static\include\EGL\eglplatform.h">
      <Filter>Header Files</Filter>
    </ClInclude>
    <ClInclude Include="vcpkg_installed\x64-windows-static\x64-windows-static\include\GL\glcorearb.h">
      <Filter>Header Files</Filter>
    </ClInclude>
    <ClInclude Include="vcpkg_installed\x64-windows-static\x64-windows-static\include\GL\glext.h">
      <Filter>Header Files</Filter>
    </ClInclude>
    <ClInclude Include="vcpkg_installed\x64-windows-static\x64-windows-static\include\GL\glxext.h">
      <Filter>Header Files</Filter>
    </ClInclude>
    <ClInclude Include="vcpkg_installed\x64-windows-static\x64-windows-static\include\GL\wgl.h">
      <Filter>Header Files</Filter>
    </ClInclude>
    <ClInclude Include="vcpkg_installed\x64-windows-static\x64-windows-static\include\GL\wglext.h">
      <Filter>Header Files</Filter>
    </ClInclude>
    <ClInclude Include="vcpkg_installed\x64-windows-static\x64-windows-static\include\glad\glad.h">
      <Filter>Header Files</Filter>
    </ClInclude>
    <ClInclude Include="vcpkg_installed\x64-windows-static\x64-windows-static\include\GLES\1.0\gl.h">
      <Filter>Header Files</Filter>
    </ClInclude>
    <ClInclude Include="vcpkg_installed\x64-windows-static\x64-windows-static\include\GLES\egl.h">
      <Filter>Header Files</Filter>
    </ClInclude>
    <ClInclude Include="vcpkg_installed\x64-windows-static\x64-windows-static\include\GLES\gl.h">
      <Filter>Header Files</Filter>
    </ClInclude>
    <ClInclude Include="vcpkg_installed\x64-windows-static\x64-windows-static\include\GLES\glext.h">
      <Filter>Header Files</Filter>
    </ClInclude>
    <ClInclude Include="vcpkg_installed\x64-windows-static\x64-windows-static\include\GLES\glplatform.h">
      <Filter>Header Files</Filter>
    </ClInclude>
    <ClInclude Include="vcpkg_installed\x64-windows-static\x64-windows-static\include\GLES2\gl2.h">
      <Filter>Header Files</Filter>
    </ClInclude>
    <ClInclude Include="vcpkg_installed\x64-windows-static\x64-windows-static\include\GLES2\gl2ext.h">
      <Filter>Header Files</Filter>
    </ClInclude>
    <ClInclude Include="vcpkg_installed\x64-windows-static\x64-windows-static\include\GLES2\gl2platform.h">
      <Filter>Header Files</Filter>
    </ClInclude>
    <ClInclude Include="vcpkg_installed\x64-windows-static\x64-windows-static\include\GLES3\gl3.h">
      <Filter>Header Files</Filter>
    </ClInclude>
    <ClInclude Include="vcpkg_installed\x64-windows-static\x64-windows-static\include\GLES3\gl3platform.h">
      <Filter>Header Files</Filter>
    </ClInclude>
    <ClInclude Include="vcpkg_installed\x64-windows-static\x64-windows-static\include\GLES3\gl31.h">
      <Filter>Header Files</Filter>
    </ClInclude>
    <ClInclude Include="vcpkg_installed\x64-windows-static\x64-windows-static\include\GLES3\gl32.h">
      <Filter>Header Files</Filter>
    </ClInclude>
    <ClInclude Include="vcpkg_installed\x64-windows-static\x64-windows-static\include\GLFW\glfw3.h">
      <Filter>Header Files</Filter>
    </ClInclude>
    <ClInclude Include="vcpkg_installed\x64-windows-static\x64-windows-static\include\GLFW\glfw3native.h">
      <Filter>Header Files</Filter>
    </ClInclude>
    <ClInclude Include="vcpkg_installed\x64-windows-static\x64-windows-static\include\GLSC\1.0\gl.h">
      <Filter>Header Files</Filter>
    </ClInclude>
    <ClInclude Include="vcpkg_installed\x64-windows-static\x64-windows-static\include\GLSC\1.0.1\gl.h">
      <Filter>Header Files</Filter>
    </ClInclude>
    <ClInclude Include="vcpkg_installed\x64-windows-static\x64-windows-static\include\GLSC2\gl2platform.h">
      <Filter>Header Files</Filter>
    </ClInclude>
    <ClInclude Include="vcpkg_installed\x64-windows-static\x64-windows-static\include\GLSC2\glsc2.h">
      <Filter>Header Files</Filter>
    </ClInclude>
    <ClInclude Include="vcpkg_installed\x64-windows-static\x64-windows-static\include\GLSC2\glsc2ext.h">
      <Filter>Header Files</Filter>
    </ClInclude>
    <ClInclude Include="vcpkg_installed\x64-windows-static\x64-windows-static\include\KHR\khrplatform.h">
      <Filter>Header Files</Filter>
    </ClInclude>
    <ClInclude Include="src\Objects\BlockAtlas.h">
      <Filter>Header Files</Filter>
    </ClInclude>
    <ClInclude Include="src\Objects\BlockManager.h">
      <Filter>Header Files</Filter>
    </ClInclude>
    <ClInclude Include="src\Objects\Primitives.h">
      <Filter>Header Files</Filter>
    </ClInclude>
    <ClInclude Include="src\WorldGen\Chunk.h">
      <Filter>Header Files</Filter>
    </ClInclude>
    <ClInclude Include="include\WorldGen\Chunk.h">
      <Filter>Header Files</Filter>
    </ClInclude>
    <ClInclude Include="include\Objects\Primitives.h">
      <Filter>Header Files</Filter>
    </ClInclude>
    <ClInclude Include="include\Objects\BlockAtlas.h">
      <Filter>Header Files</Filter>
    </ClInclude>
    <ClInclude Include="include\Objects\BlockManager.h">
      <Filter>Header Files</Filter>
    </ClInclude>
  </ItemGroup>
  <ItemGroup>
    <Image Include="res\textures\box2.png">
      <Filter>Resource Files</Filter>
    </Image>
    <Image Include="res\textures\box2_spec.png">
      <Filter>Resource Files</Filter>
    </Image>
    <Image Include="res\textures\TextureAtlas.jpg">
      <Filter>Resource Files</Filter>
    </Image>
  </ItemGroup>
</Project>